
Microsoft Visual Studio Solution File, Format Version 12.00
# Visual Studio Version 17
VisualStudioVersion = 17.3.32611.2
MinimumVisualStudioVersion = 10.0.40219.1
Project("{FAE04EC0-301F-11D3-BF4B-00C04F79EFBC}") = "Hack2023_L1", "Hack2023_L1\Hack2023_L1.csproj", "{368DFBC2-3E59-45EA-8349-42FBBB12D6F9}"
EndProject
Global
	GlobalSection(SolutionConfigurationPlatforms) = preSolution
		Debug|Any CPU = Debug|Any CPU
		Release|Any CPU = Release|Any CPU
	EndGlobalSection
	GlobalSection(ProjectConfigurationPlatforms) = postSolution
		{368DFBC2-3E59-45EA-8349-42FBBB12D6F9}.Debug|Any CPU.ActiveCfg = Debug|Any CPU
		{368DFBC2-3E59-45EA-8349-42FBBB12D6F9}.Debug|Any CPU.Build.0 = Debug|Any CPU
		{368DFBC2-3E59-45EA-8349-42FBBB12D6F9}.Release|Any CPU.ActiveCfg = Release|Any CPU
		{368DFBC2-3E59-45EA-8349-42FBBB12D6F9}.Release|Any CPU.Build.0 = Release|Any CPU
	EndGlobalSection
	GlobalSection(SolutionProperties) = preSolution
		HideSolutionNode = FALSE
	EndGlobalSection
	GlobalSection(ExtensibilityGlobals) = postSolution
		SolutionGuid = {4A8A9980-335C-4DF1-BB84-292504B7DBF2}
	EndGlobalSection
EndGlobal
